
Microsoft Visual Studio Solution File, Format Version 12.00
# Visual Studio 15
VisualStudioVersion = 15.0.27428.2002
MinimumVisualStudioVersion = 10.0.40219.1
Project("{FAE04EC0-301F-11D3-BF4B-00C04F79EFBC}") = "Snake", "Snake\Snake.csproj", "{D364852D-9960-482D-83B9-62DDD178F379}"
EndProject
Global
	GlobalSection(SolutionConfigurationPlatforms) = preSolution
		Debug|Any CPU = Debug|Any CPU
		Release|Any CPU = Release|Any CPU
	EndGlobalSection
	GlobalSection(ProjectConfigurationPlatforms) = postSolution
		{D364852D-9960-482D-83B9-62DDD178F379}.Debug|Any CPU.ActiveCfg = Debug|Any CPU
		{D364852D-9960-482D-83B9-62DDD178F379}.Debug|Any CPU.Build.0 = Debug|Any CPU
		{D364852D-9960-482D-83B9-62DDD178F379}.Release|Any CPU.ActiveCfg = Release|Any CPU
		{D364852D-9960-482D-83B9-62DDD178F379}.Release|Any CPU.Build.0 = Release|Any CPU
	EndGlobalSection
	GlobalSection(SolutionProperties) = preSolution
		HideSolutionNode = FALSE
	EndGlobalSection
	GlobalSection(ExtensibilityGlobals) = postSolution
		SolutionGuid = {098BC444-C3A4-4CC1-BDCF-10ACA557FAC9}
	EndGlobalSection
EndGlobal
